
Microsoft Visual Studio Solution File, Format Version 12.00
# Visual Studio Version 16
VisualStudioVersion = 16.0.31424.327
MinimumVisualStudioVersion = 10.0.40219.1
Project("{FAE04EC0-301F-11D3-BF4B-00C04F79EFBC}") = "ZapMe.Blazor", "ZapMe.Blazor\ZapMe.Blazor.csproj", "{482748AB-8E69-4229-A3AF-85A2EC13B946}"
EndProject
Global
	GlobalSection(SolutionConfigurationPlatforms) = preSolution
		Debug|Any CPU = Debug|Any CPU
		Release|Any CPU = Release|Any CPU
	EndGlobalSection
	GlobalSection(ProjectConfigurationPlatforms) = postSolution
		{482748AB-8E69-4229-A3AF-85A2EC13B946}.Debug|Any CPU.ActiveCfg = Debug|Any CPU
		{482748AB-8E69-4229-A3AF-85A2EC13B946}.Debug|Any CPU.Build.0 = Debug|Any CPU
		{482748AB-8E69-4229-A3AF-85A2EC13B946}.Release|Any CPU.ActiveCfg = Release|Any CPU
		{482748AB-8E69-4229-A3AF-85A2EC13B946}.Release|Any CPU.Build.0 = Release|Any CPU
	EndGlobalSection
	GlobalSection(SolutionProperties) = preSolution
		HideSolutionNode = FALSE
	EndGlobalSection
	GlobalSection(ExtensibilityGlobals) = postSolution
		SolutionGuid = {2E09495C-BDA3-4A9B-944C-9AE52F568479}
	EndGlobalSection
EndGlobal
